
Microsoft Visual Studio Solution File, Format Version 12.00
# Visual Studio Version 17
VisualStudioVersion = 17.11.35312.102
MinimumVisualStudioVersion = 10.0.40219.1
Project("{FAE04EC0-301F-11D3-BF4B-00C04F79EFBC}") = "EEG-Faktura-Tool", "EEG-Faktura-Tool\EEG-Faktura-Tool.csproj", "{A6DF4A12-AF86-43A0-9C6D-0C16200D9595}"
EndProject
Global
	GlobalSection(SolutionConfigurationPlatforms) = preSolution
		Debug|Any CPU = Debug|Any CPU
		Release|Any CPU = Release|Any CPU
	EndGlobalSection
	GlobalSection(ProjectConfigurationPlatforms) = postSolution
		{A6DF4A12-AF86-43A0-9C6D-0C16200D9595}.Debug|Any CPU.ActiveCfg = Debug|Any CPU
		{A6DF4A12-AF86-43A0-9C6D-0C16200D9595}.Debug|Any CPU.Build.0 = Debug|Any CPU
		{A6DF4A12-AF86-43A0-9C6D-0C16200D9595}.Release|Any CPU.ActiveCfg = Release|Any CPU
		{A6DF4A12-AF86-43A0-9C6D-0C16200D9595}.Release|Any CPU.Build.0 = Release|Any CPU
	EndGlobalSection
	GlobalSection(SolutionProperties) = preSolution
		HideSolutionNode = FALSE
	EndGlobalSection
	GlobalSection(ExtensibilityGlobals) = postSolution
		SolutionGuid = {A5520B5A-BB43-41C6-89CE-9DB9AB49069C}
	EndGlobalSection
EndGlobal
